
Microsoft Visual Studio Solution File, Format Version 12.00
# Visual Studio Version 17
VisualStudioVersion = 17.9.34723.18
MinimumVisualStudioVersion = 10.0.40219.1
Project("{8BC9CEB8-8B4A-11D0-8D11-00A0C91BC942}") = "Matrix transposition", "Matrix transposition\Matrix transposition.vcxproj", "{E119EB71-61FF-4FBF-9BB5-31DEF3250D3F}"
EndProject
Global
	GlobalSection(SolutionConfigurationPlatforms) = preSolution
		Debug|x64 = Debug|x64
		Debug|x86 = Debug|x86
		Release|x64 = Release|x64
		Release|x86 = Release|x86
	EndGlobalSection
	GlobalSection(ProjectConfigurationPlatforms) = postSolution
		{E119EB71-61FF-4FBF-9BB5-31DEF3250D3F}.Debug|x64.ActiveCfg = Debug|x64
		{E119EB71-61FF-4FBF-9BB5-31DEF3250D3F}.Debug|x64.Build.0 = Debug|x64
		{E119EB71-61FF-4FBF-9BB5-31DEF3250D3F}.Debug|x86.ActiveCfg = Debug|Win32
		{E119EB71-61FF-4FBF-9BB5-31DEF3250D3F}.Debug|x86.Build.0 = Debug|Win32
		{E119EB71-61FF-4FBF-9BB5-31DEF3250D3F}.Release|x64.ActiveCfg = Release|x64
		{E119EB71-61FF-4FBF-9BB5-31DEF3250D3F}.Release|x64.Build.0 = Release|x64
		{E119EB71-61FF-4FBF-9BB5-31DEF3250D3F}.Release|x86.ActiveCfg = Release|Win32
		{E119EB71-61FF-4FBF-9BB5-31DEF3250D3F}.Release|x86.Build.0 = Release|Win32
	EndGlobalSection
	GlobalSection(SolutionProperties) = preSolution
		HideSolutionNode = FALSE
	EndGlobalSection
	GlobalSection(ExtensibilityGlobals) = postSolution
		SolutionGuid = {0FCA6F9F-B99D-49ED-B50A-BF0C4F17E3DE}
	EndGlobalSection
EndGlobal
